// !$*UTF8*$!
{
	archiveVersion = 1;
	classes = {
	};
	objectVersion = 50;
	objects = {

/* Begin PBXBuildFile section */
		6B1C794D21AAA60E00E35F86 /* AppDelegate.m in Sources */ = {isa = PBXBuildFile; fileRef = 6B1C794C21AAA60E00E35F86 /* AppDelegate.m */; };
		6B1C795021AAA60E00E35F86 /* ViewController.m in Sources */ = {isa = PBXBuildFile; fileRef = 6B1C794F21AAA60E00E35F86 /* ViewController.m */; };
		6B1C795321AAA60E00E35F86 /* Main.storyboard in Resources */ = {isa = PBXBuildFile; fileRef = 6B1C795121AAA60E00E35F86 /* Main.storyboard */; };
		6B1C795521AAA60F00E35F86 /* Assets.xcassets in Resources */ = {isa = PBXBuildFile; fileRef = 6B1C795421AAA60F00E35F86 /* Assets.xcassets */; };
		6B1C795821AAA60F00E35F86 /* LaunchScreen.storyboard in Resources */ = {isa = PBXBuildFile; fileRef = 6B1C795621AAA60F00E35F86 /* LaunchScreen.storyboard */; };
		6B1C795B21AAA60F00E35F86 /* main.m in Sources */ = {isa = PBXBuildFile; fileRef = 6B1C795A21AAA60F00E35F86 /* main.m */; };
		6B1C796521AAA60F00E35F86 /* XibViewWithXibViewTests.m in Sources */ = {isa = PBXBuildFile; fileRef = 6B1C796421AAA60F00E35F86 /* XibViewWithXibViewTests.m */; };
		6B1C797021AAA60F00E35F86 /* XibViewWithXibViewUITests.m in Sources */ = {isa = PBXBuildFile; fileRef = 6B1C796F21AAA60F00E35F86 /* XibViewWithXibViewUITests.m */; };
/* End PBXBuildFile section */

/* Begin PBXContainerItemProxy section */
		6B1C796121AAA60F00E35F86 /* PBXContainerItemProxy */ = {
			isa = PBXContainerItemProxy;
			containerPortal = 6B1C794021AAA60E00E35F86 /* Project object */;
			proxyType = 1;
			remoteGlobalIDString = 6B1C794721AAA60E00E35F86;
			remoteInfo = XibViewWithXibView;
		};
		6B1C796C21AAA60F00E35F86 /* PBXContainerItemProxy */ = {
			isa = PBXContainerItemProxy;
			containerPortal = 6B1C794021AAA60E00E35F86 /* Project object */;
			proxyType = 1;
			remoteGlobalIDString = 6B1C794721AAA60E00E35F86;
			remoteInfo = XibViewWithXibView;
		};
/* End PBXContainerItemProxy section */

/* Begin PBXFileReference section */
		6B1C794821AAA60E00E35F86 /* XibViewWithXibView.app */ = {isa = PBXFileReference; explicitFileType = wrapper.application; includeInIndex = 0; path = XibViewWithXibView.app; sourceTree = BUILT_PRODUCTS_DIR; };
		6B1C794B21AAA60E00E35F86 /* AppDelegate.h */ = {isa = PBXFileReference; lastKnownFileType = sourcecode.c.h; path = AppDelegate.h; sourceTree = "<group>"; };
		6B1C794C21AAA60E00E35F86 /* AppDelegate.m */ = {isa = PBXFileReference; lastKnownFileType = sourcecode.c.objc; path = AppDelegate.m; sourceTree = "<group>"; };
		6B1C794E21AAA60E00E35F86 /* ViewController.h */ = {isa = PBXFileReference; lastKnownFileType = sourcecode.c.h; path = ViewController.h; sourceTree = "<group>"; };
		6B1C794F21AAA60E00E35F86 /* ViewController.m */ = {isa = PBXFileReference; lastKnownFileType = sourcecode.c.objc; path = ViewController.m; sourceTree = "<group>"; };
		6B1C795221AAA60E00E35F86 /* Base */ = {isa = PBXFileReference; lastKnownFileType = file.storyboard; name = Base; path = Base.lproj/Main.storyboard; sourceTree = "<group>"; };
		6B1C795421AAA60F00E35F86 /* Assets.xcassets */ = {isa = PBXFileReference; lastKnownFileType = folder.assetcatalog; path = Assets.xcassets; sourceTree = "<group>"; };
		6B1C795721AAA60F00E35F86 /* Base */ = {isa = PBXFileReference; lastKnownFileType = file.storyboard; name = Base; path = Base.lproj/LaunchScreen.storyboard; sourceTree = "<group>"; };
		6B1C795921AAA60F00E35F86 /* Info.plist */ = {isa = PBXFileReference; lastKnownFileType = text.plist.xml; path = Info.plist; sourceTree = "<group>"; };
		6B1C795A21AAA60F00E35F86 /* main.m */ = {isa = PBXFileReference; lastKnownFileType = sourcecode.c.objc; path = main.m; sourceTree = "<group>"; };
		6B1C796021AAA60F00E35F86 /* XibViewWithXibViewTests.xctest */ = {isa = PBXFileReference; explicitFileType = wrapper.cfbundle; includeInIndex = 0; path = XibViewWithXibViewTests.xctest; sourceTree = BUILT_PRODUCTS_DIR; };
		6B1C796421AAA60F00E35F86 /* XibViewWithXibViewTests.m */ = {isa = PBXFileReference; lastKnownFileType = sourcecode.c.objc; path = XibViewWithXibViewTests.m; sourceTree = "<group>"; };
		6B1C796621AAA60F00E35F86 /* Info.plist */ = {isa = PBXFileReference; lastKnownFileType = text.plist.xml; path = Info.plist; sourceTree = "<group>"; };
		6B1C796B21AAA60F00E35F86 /* XibViewWithXibViewUITests.xctest */ = {isa = PBXFileReference; explicitFileType = wrapper.cfbundle; includeInIndex = 0; path = XibViewWithXibViewUITests.xctest; sourceTree = BUILT_PRODUCTS_DIR; };
		6B1C796F21AAA60F00E35F86 /* XibViewWithXibViewUITests.m */ = {isa = PBXFileReference; lastKnownFileType = sourcecode.c.objc; path = XibViewWithXibViewUITests.m; sourceTree = "<group>"; };
		6B1C797121AAA60F00E35F86 /* Info.plist */ = {isa = PBXFileReference; lastKnownFileType = text.plist.xml; path = Info.plist; sourceTree = "<group>"; };
/* End PBXFileReference section */

/* Begin PBXFrameworksBuildPhase section */
		6B1C794521AAA60E00E35F86 /* Frameworks */ = {
			isa = PBXFrameworksBuildPhase;
			buildActionMask = 2147483647;
			files = (
			);
			runOnlyForDeploymentPostprocessing = 0;
		};
		6B1C795D21AAA60F00E35F86 /* Frameworks */ = {
			isa = PBXFrameworksBuildPhase;
			buildActionMask = 2147483647;
			files = (
			);
			runOnlyForDeploymentPostprocessing = 0;
		};
		6B1C796821AAA60F00E35F86 /* Frameworks */ = {
			isa = PBXFrameworksBuildPhase;
			buildActionMask = 2147483647;
			files = (
			);
			runOnlyForDeploymentPostprocessing = 0;
		};
/* End PBXFrameworksBuildPhase section */

/* Begin PBXGroup section */
		6B1C793F21AAA60E00E35F86 = {
			isa = PBXGroup;
			children = (
				6B1C794A21AAA60E00E35F86 /* XibViewWithXibView */,
				6B1C796321AAA60F00E35F86 /* XibViewWithXibViewTests */,
				6B1C796E21AAA60F00E35F86 /* XibViewWithXibViewUITests */,
				6B1C794921AAA60E00E35F86 /* Products */,
			);
			sourceTree = "<group>";
		};
		6B1C794921AAA60E00E35F86 /* Products */ = {
			isa = PBXGroup;
			children = (
				6B1C794821AAA60E00E35F86 /* XibViewWithXibView.app */,
				6B1C796021AAA60F00E35F86 /* XibViewWithXibViewTests.xctest */,
				6B1C796B21AAA60F00E35F86 /* XibViewWithXibViewUITests.xctest */,
			);
			name = Products;
			sourceTree = "<group>";
		};
		6B1C794A21AAA60E00E35F86 /* XibViewWithXibView */ = {
			isa = PBXGroup;
			children = (
				6B1C794B21AAA60E00E35F86 /* AppDelegate.h */,
				6B1C794C21AAA60E00E35F86 /* AppDelegate.m */,
				6B1C794E21AAA60E00E35F86 /* ViewController.h */,
				6B1C794F21AAA60E00E35F86 /* ViewController.m */,
				6B1C795121AAA60E00E35F86 /* Main.storyboard */,
				6B1C795421AAA60F00E35F86 /* Assets.xcassets */,
				6B1C795621AAA60F00E35F86 /* LaunchScreen.storyboard */,
				6B1C795921AAA60F00E35F86 /* Info.plist */,
				6B1C795A21AAA60F00E35F86 /* main.m */,
			);
			path = XibViewWithXibView;
			sourceTree = "<group>";
		};
		6B1C796321AAA60F00E35F86 /* XibViewWithXibViewTests */ = {
			isa = PBXGroup;
			children = (
				6B1C796421AAA60F00E35F86 /* XibViewWithXibViewTests.m */,
				6B1C796621AAA60F00E35F86 /* Info.plist */,
			);
			path = XibViewWithXibViewTests;
			sourceTree = "<group>";
		};
		6B1C796E21AAA60F00E35F86 /* XibViewWithXibViewUITests */ = {
			isa = PBXGroup;
			children = (
				6B1C796F21AAA60F00E35F86 /* XibViewWithXibViewUITests.m */,
				6B1C797121AAA60F00E35F86 /* Info.plist */,
			);
			path = XibViewWithXibViewUITests;
			sourceTree = "<group>";
		};
/* End PBXGroup section */

/* Begin PBXNativeTarget section */
		6B1C794721AAA60E00E35F86 /* XibViewWithXibView */ = {
			isa = PBXNativeTarget;
			buildConfigurationList = 6B1C797421AAA60F00E35F86 /* Build configuration list for PBXNativeTarget "XibViewWithXibView" */;
			buildPhases = (
				6B1C794421AAA60E00E35F86 /* Sources */,
				6B1C794521AAA60E00E35F86 /* Frameworks */,
				6B1C794621AAA60E00E35F86 /* Resources */,
			);
			buildRules = (
			);
			dependencies = (
			);
			name = XibViewWithXibView;
			productName = XibViewWithXibView;
			productReference = 6B1C794821AAA60E00E35F86 /* XibViewWithXibView.app */;
			productType = "com.apple.product-type.application";
		};
		6B1C795F21AAA60F00E35F86 /* XibViewWithXibViewTests */ = {
			isa = PBXNativeTarget;
			buildConfigurationList = 6B1C797721AAA60F00E35F86 /* Build configuration list for PBXNativeTarget "XibViewWithXibViewTests" */;
			buildPhases = (
				6B1C795C21AAA60F00E35F86 /* Sources */,
				6B1C795D21AAA60F00E35F86 /* Frameworks */,
				6B1C795E21AAA60F00E35F86 /* Resources */,
			);
			buildRules = (
			);
			dependencies = (
				6B1C796221AAA60F00E35F86 /* PBXTargetDependency */,
			);
			name = XibViewWithXibViewTests;
			productName = XibViewWithXibViewTests;
			productReference = 6B1C796021AAA60F00E35F86 /* XibViewWithXibViewTests.xctest */;
			productType = "com.apple.product-type.bundle.unit-test";
		};
		6B1C796A21AAA60F00E35F86 /* XibViewWithXibViewUITests */ = {
			isa = PBXNativeTarget;
			buildConfigurationList = 6B1C797A21AAA60F00E35F86 /* Build configuration list for PBXNativeTarget "XibViewWithXibViewUITests" */;
			buildPhases = (
				6B1C796721AAA60F00E35F86 /* Sources */,
				6B1C796821AAA60F00E35F86 /* Frameworks */,
				6B1C796921AAA60F00E35F86 /* Resources */,
			);
			buildRules = (
			);
			dependencies = (
				6B1C796D21AAA60F00E35F86 /* PBXTargetDependency */,
			);
			name = XibViewWithXibViewUITests;
			productName = XibViewWithXibViewUITests;
			productReference = 6B1C796B21AAA60F00E35F86 /* XibViewWithXibViewUITests.xctest */;
			productType = "com.apple.product-type.bundle.ui-testing";
		};
/* End PBXNativeTarget section */

/* Begin PBXProject section */
		6B1C794021AAA60E00E35F86 /* Project object */ = {
			isa = PBXProject;
			attributes = {
				LastUpgradeCheck = 1000;
				ORGANIZATIONNAME = XinHuoKeJi;
				TargetAttributes = {
					6B1C794721AAA60E00E35F86 = {
						CreatedOnToolsVersion = 10.0;
					};
					6B1C795F21AAA60F00E35F86 = {
						CreatedOnToolsVersion = 10.0;
						TestTargetID = 6B1C794721AAA60E00E35F86;
					};
					6B1C796A21AAA60F00E35F86 = {
						CreatedOnToolsVersion = 10.0;
						TestTargetID = 6B1C794721AAA60E00E35F86;
					};
				};
			};
			buildConfigurationList = 6B1C794321AAA60E00E35F86 /* Build configuration list for PBXProject "XibViewWithXibView" */;
			compatibilityVersion = "Xcode 9.3";
			developmentRegion = en;
			hasScannedForEncodings = 0;
			knownRegions = (
				en,
				Base,
			);
			mainGroup = 6B1C793F21AAA60E00E35F86;
			productRefGroup = 6B1C794921AAA60E00E35F86 /* Products */;
			projectDirPath = "";
			projectRoot = "";
			targets = (
				6B1C794721AAA60E00E35F86 /* XibViewWithXibView */,
				6B1C795F21AAA60F00E35F86 /* XibViewWithXibViewTests */,
				6B1C796A21AAA60F00E35F86 /* XibViewWithXibViewUITests */,
			);
		};
/* End PBXProject section */

/* Begin PBXResourcesBuildPhase section */
		6B1C794621AAA60E00E35F86 /* Resources */ = {
			isa = PBXResourcesBuildPhase;
			buildActionMask = 2147483647;
			files = (
				6B1C795821AAA60F00E35F86 /* LaunchScreen.storyboard in Resources */,
				6B1C795521AAA60F00E35F86 /* Assets.xcassets in Resources */,
				6B1C795321AAA60E00E35F86 /* Main.storyboard in Resources */,
			);
			runOnlyForDeploymentPostprocessing = 0;
		};
		6B1C795E21AAA60F00E35F86 /* Resources */ = {
			isa = PBXResourcesBuildPhase;
			buildActionMask = 2147483647;
			files = (
			);
			runOnlyForDeploymentPostprocessing = 0;
		};
		6B1C796921AAA60F00E35F86 /* Resources */ = {
			isa = PBXResourcesBuildPhase;
			buildActionMask = 2147483647;
			files = (
			);
			runOnlyForDeploymentPostprocessing = 0;
		};
/* End PBXResourcesBuildPhase section */

/* Begin PBXSourcesBuildPhase section */
		6B1C794421AAA60E00E35F86 /* Sources */ = {
			isa = PBXSourcesBuildPhase;
			buildActionMask = 2147483647;
			files = (
				6B1C795021AAA60E00E35F86 /* ViewController.m in Sources */,
				6B1C795B21AAA60F00E35F86 /* main.m in Sources */,
				6B1C794D21AAA60E00E35F86 /* AppDelegate.m in Sources */,
			);
			runOnlyForDeploymentPostprocessing = 0;
		};
		6B1C795C21AAA60F00E35F86 /* Sources */ = {
			isa = PBXSourcesBuildPhase;
			buildActionMask = 2147483647;
			files = (
				6B1C796521AAA60F00E35F86 /* XibViewWithXibViewTests.m in Sources */,
			);
			runOnlyForDeploymentPostprocessing = 0;
		};
		6B1C796721AAA60F00E35F86 /* Sources */ = {
			isa = PBXSourcesBuildPhase;
			buildActionMask = 2147483647;
			files = (
				6B1C797021AAA60F00E35F86 /* XibViewWithXibViewUITests.m in Sources */,
			);
			runOnlyForDeploymentPostprocessing = 0;
		};
/* End PBXSourcesBuildPhase section */

/* Begin PBXTargetDependency section */
		6B1C796221AAA60F00E35F86 /* PBXTargetDependency */ = {
			isa = PBXTargetDependency;
			target = 6B1C794721AAA60E00E35F86 /* XibViewWithXibView */;
			targetProxy = 6B1C796121AAA60F00E35F86 /* PBXContainerItemProxy */;
		};
		6B1C796D21AAA60F00E35F86 /* PBXTargetDependency */ = {
			isa = PBXTargetDependency;
			target = 6B1C794721AAA60E00E35F86 /* XibViewWithXibView */;
			targetProxy = 6B1C796C21AAA60F00E35F86 /* PBXContainerItemProxy */;
		};
/* End PBXTargetDependency section */

/* Begin PBXVariantGroup section */
		6B1C795121AAA60E00E35F86 /* Main.storyboard */ = {
			isa = PBXVariantGroup;
			children = (
				6B1C795221AAA60E00E35F86 /* Base */,
			);
			name = Main.storyboard;
			sourceTree = "<group>";
		};
		6B1C795621AAA60F00E35F86 /* LaunchScreen.storyboard */ = {
			isa = PBXVariantGroup;
			children = (
				6B1C795721AAA60F00E35F86 /* Base */,
			);
			name = LaunchScreen.storyboard;
			sourceTree = "<group>";
		};
/* End PBXVariantGroup section */

/* Begin XCBuildConfiguration section */
		6B1C797221AAA60F00E35F86 /* Debug */ = {
			isa = XCBuildConfiguration;
			buildSettings = {
				ALWAYS_SEARCH_USER_PATHS = NO;
				CLANG_ANALYZER_NONNULL = YES;
				CLANG_ANALYZER_NUMBER_OBJECT_CONVERSION = YES_AGGRESSIVE;
				CLANG_CXX_LANGUAGE_STANDARD = "gnu++14";
				CLANG_CXX_LIBRARY = "libc++";
				CLANG_ENABLE_MODULES = YES;
				CLANG_ENABLE_OBJC_ARC = YES;
				CLANG_ENABLE_OBJC_WEAK = YES;
				CLANG_WARN_BLOCK_CAPTURE_AUTORELEASING = YES;
				CLANG_WARN_BOOL_CONVERSION = YES;
				CLANG_WARN_COMMA = YES;
				CLANG_WARN_CONSTANT_CONVERSION = YES;
				CLANG_WARN_DEPRECATED_OBJC_IMPLEMENTATIONS = YES;
				CLANG_WARN_DIRECT_OBJC_ISA_USAGE = YES_ERROR;
				CLANG_WARN_DOCUMENTATION_COMMENTS = YES;
				CLANG_WARN_EMPTY_BODY = YES;
				CLANG_WARN_ENUM_CONVERSION = YES;
				CLANG_WARN_INFINITE_RECURSION = YES;
				CLANG_WARN_INT_CONVERSION = YES;
				CLANG_WARN_NON_LITERAL_NULL_CONVERSION = YES;
				CLANG_WARN_OBJC_IMPLICIT_RETAIN_SELF = YES;
				CLANG_WARN_OBJC_LITERAL_CONVERSION = YES;
				CLANG_WARN_OBJC_ROOT_CLASS = YES_ERROR;
				CLANG_WARN_RANGE_LOOP_ANALYSIS = YES;
				CLANG_WARN_STRICT_PROTOTYPES = YES;
				CLANG_WARN_SUSPICIOUS_MOVE = YES;
				CLANG_WARN_UNGUARDED_AVAILABILITY = YES_AGGRESSIVE;
				CLANG_WARN_UNREACHABLE_CODE = YES;
				CLANG_WARN__DUPLICATE_METHOD_MATCH = YES;
				CODE_SIGN_IDENTITY = "iPhone Developer";
				COPY_PHASE_STRIP = NO;
				DEBUG_INFORMATION_FORMAT = dwarf;
				ENABLE_STRICT_OBJC_MSGSEND = YES;
				ENABLE_TESTABILITY = YES;
				GCC_C_LANGUAGE_STANDARD = gnu11;
				GCC_DYNAMIC_NO_PIC = NO;
				GCC_NO_COMMON_BLOCKS = YES;
				GCC_OPTIMIZATION_LEVEL = 0;
				GCC_PREPROCESSOR_DEFINITIONS = (
					"DEBUG=1",
					"$(inherited)",
				);
				GCC_WARN_64_TO_32_BIT_CONVERSION = YES;
				GCC_WARN_ABOUT_RETURN_TYPE = YES_ERROR;
				GCC_WARN_UNDECLARED_SELECTOR = YES;
				GCC_WARN_UNINITIALIZED_AUTOS = YES_AGGRESSIVE;
				GCC_WARN_UNUSED_FUNCTION = YES;
				GCC_WARN_UNUSED_VARIABLE = YES;
				IPHONEOS_DEPLOYMENT_TARGET = 12.0;
				MTL_ENABLE_DEBUG_INFO = INCLUDE_SOURCE;
				MTL_FAST_MATH = YES;
				ONLY_ACTIVE_ARCH = YES;
				SDKROOT = iphoneos;
			};
			name = Debug;
		};
		6B1C797321AAA60F00E35F86 /* Release */ = {
			isa = XCBuildConfiguration;
			buildSettings = {
				ALWAYS_SEARCH_USER_PATHS = NO;
				CLANG_ANALYZER_NONNULL = YES;
				CLANG_ANALYZER_NUMBER_OBJECT_CONVERSION = YES_AGGRESSIVE;
				CLANG_CXX_LANGUAGE_STANDARD = "gnu++14";
				CLANG_CXX_LIBRARY = "libc++";
				CLANG_ENABLE_MODULES = YES;
				CLANG_ENABLE_OBJC_ARC = YES;
				CLANG_ENABLE_OBJC_WEAK = YES;
				CLANG_WARN_BLOCK_CAPTURE_AUTORELEASING = YES;
				CLANG_WARN_BOOL_CONVERSION = YES;
				CLANG_WARN_COMMA = YES;
				CLANG_WARN_CONSTANT_CONVERSION = YES;
				CLANG_WARN_DEPRECATED_OBJC_IMPLEMENTATIONS = YES;
				CLANG_WARN_DIRECT_OBJC_ISA_USAGE = YES_ERROR;
				CLANG_WARN_DOCUMENTATION_COMMENTS = YES;
				CLANG_WARN_EMPTY_BODY = YES;
				CLANG_WARN_ENUM_CONVERSION = YES;
				CLANG_WARN_INFINITE_RECURSION = YES;
				CLANG_WARN_INT_CONVERSION = YES;
				CLANG_WARN_NON_LITERAL_NULL_CONVERSION = YES;
				CLANG_WARN_OBJC_IMPLICIT_RETAIN_SELF = YES;
				CLANG_WARN_OBJC_LITERAL_CONVERSION = YES;
				CLANG_WARN_OBJC_ROOT_CLASS = YES_ERROR;
				CLANG_WARN_RANGE_LOOP_ANALYSIS = YES;
				CLANG_WARN_STRICT_PROTOTYPES = YES;
				CLANG_WARN_SUSPICIOUS_MOVE = YES;
				CLANG_WARN_UNGUARDED_AVAILABILITY = YES_AGGRESSIVE;
				CLANG_WARN_UNREACHABLE_CODE = YES;
				CLANG_WARN__DUPLICATE_METHOD_MATCH = YES;
				CODE_SIGN_IDENTITY = "iPhone Developer";
				COPY_PHASE_STRIP = NO;
				DEBUG_INFORMATION_FORMAT = "dwarf-with-dsym";
				ENABLE_NS_ASSERTIONS = NO;
				ENABLE_STRICT_OBJC_MSGSEND = YES;
				GCC_C_LANGUAGE_STANDARD = gnu11;
				GCC_NO_COMMON_BLOCKS = YES;
				GCC_WARN_64_TO_32_BIT_CONVERSION = YES;
				GCC_WARN_ABOUT_RETURN_TYPE = YES_ERROR;
				GCC_WARN_UNDECLARED_SELECTOR = YES;
				GCC_WARN_UNINITIALIZED_AUTOS = YES_AGGRESSIVE;
				GCC_WARN_UNUSED_FUNCTION = YES;
				GCC_WARN_UNUSED_VARIABLE = YES;
				IPHONEOS_DEPLOYMENT_TARGET = 12.0;
				MTL_ENABLE_DEBUG_INFO = NO;
				MTL_FAST_MATH = YES;
				SDKROOT = iphoneos;
				VALIDATE_PRODUCT = YES;
			};
			name = Release;
		};
		6B1C797521AAA60F00E35F86 /* Debug */ = {
			isa = XCBuildConfiguration;
			buildSettings = {
				ASSETCATALOG_COMPILER_APPICON_NAME = AppIcon;
				CODE_SIGN_STYLE = Automatic;
				DEVELOPMENT_TEAM = WRN7UD69F8;
				INFOPLIST_FILE = XibViewWithXibView/Info.plist;
				LD_RUNPATH_SEARCH_PATHS = (
					"$(inherited)",
					"@executable_path/Frameworks",
				);
				PRODUCT_BUNDLE_IDENTIFIER = com.XinHuoKeJi.XibViewWithXibView;
				PRODUCT_NAME = "$(TARGET_NAME)";
				TARGETED_DEVICE_FAMILY = "1,2";
			};
			name = Debug;
		};
		6B1C797621AAA60F00E35F86 /* Release */ = {
			isa = XCBuildConfiguration;
			buildSettings = {
				ASSETCATALOG_COMPILER_APPICON_NAME = AppIcon;
				CODE_SIGN_STYLE = Automatic;
				DEVELOPMENT_TEAM = WRN7UD69F8;
				INFOPLIST_FILE = XibViewWithXibView/Info.plist;
				LD_RUNPATH_SEARCH_PATHS = (
					"$(inherited)",
					"@executable_path/Frameworks",
				);
				PRODUCT_BUNDLE_IDENTIFIER = com.XinHuoKeJi.XibViewWithXibView;
				PRODUCT_NAME = "$(TARGET_NAME)";
				TARGETED_DEVICE_FAMILY = "1,2";
			};
			name = Release;
		};
		6B1C797821AAA60F00E35F86 /* Debug */ = {
			isa = XCBuildConfiguration;
			buildSettings = {
				BUNDLE_LOADER = "$(TEST_HOST)";
				CODE_SIGN_STYLE = Automatic;
				DEVELOPMENT_TEAM = WRN7UD69F8;
				INFOPLIST_FILE = XibViewWithXibViewTests/Info.plist;
				LD_RUNPATH_SEARCH_PATHS = (
					"$(inherited)",
					"@executable_path/Frameworks",
					"@loader_path/Frameworks",
				);
				PRODUCT_BUNDLE_IDENTIFIER = com.XinHuoKeJi.XibViewWithXibViewTests;
				PRODUCT_NAME = "$(TARGET_NAME)";
				TARGETED_DEVICE_FAMILY = "1,2";
				TEST_HOST = "$(BUILT_PRODUCTS_DIR)/XibViewWithXibView.app/XibViewWithXibView";
			};
			name = Debug;
		};
		6B1C797921AAA60F00E35F86 /* Release */ = {
			isa = XCBuildConfiguration;
			buildSettings = {
				BUNDLE_LOADER = "$(TEST_HOST)";
				CODE_SIGN_STYLE = Automatic;
				DEVELOPMENT_TEAM = WRN7UD69F8;
				INFOPLIST_FILE = XibViewWithXibViewTests/Info.plist;
				LD_RUNPATH_SEARCH_PATHS = (
					"$(inherited)",
					"@executable_path/Frameworks",
					"@loader_path/Frameworks",
				);
				PRODUCT_BUNDLE_IDENTIFIER = com.XinHuoKeJi.XibViewWithXibViewTests;
				PRODUCT_NAME = "$(TARGET_NAME)";
				TARGETED_DEVICE_FAMILY = "1,2";
				TEST_HOST = "$(BUILT_PRODUCTS_DIR)/XibViewWithXibView.app/XibViewWithXibView";
			};
			name = Release;
		};
		6B1C797B21AAA60F00E35F86 /* Debug */ = {
			isa = XCBuildConfiguration;
			buildSettings = {
				CODE_SIGN_STYLE = Automatic;
				DEVELOPMENT_TEAM = WRN7UD69F8;
				INFOPLIST_FILE = XibViewWithXibViewUITests/Info.plist;
				LD_RUNPATH_SEARCH_PATHS = (
					"$(inherited)",
					"@executable_path/Frameworks",
					"@loader_path/Frameworks",
				);
				PRODUCT_BUNDLE_IDENTIFIER = com.XinHuoKeJi.XibViewWithXibViewUITests;
				PRODUCT_NAME = "$(TARGET_NAME)";
				TARGETED_DEVICE_FAMILY = "1,2";
				TEST_TARGET_NAME = XibViewWithXibView;
			};
			name = Debug;
		};
		6B1C797C21AAA60F00E35F86 /* Release */ = {
			isa = XCBuildConfiguration;
			buildSettings = {
				CODE_SIGN_STYLE = Automatic;
				DEVELOPMENT_TEAM = WRN7UD69F8;
				INFOPLIST_FILE = XibViewWithXibViewUITests/Info.plist;
				LD_RUNPATH_SEARCH_PATHS = (
					"$(inherited)",
					"@executable_path/Frameworks",
					"@loader_path/Frameworks",
				);
				PRODUCT_BUNDLE_IDENTIFIER = com.XinHuoKeJi.XibViewWithXibViewUITests;
				PRODUCT_NAME = "$(TARGET_NAME)";
				TARGETED_DEVICE_FAMILY = "1,2";
				TEST_TARGET_NAME = XibViewWithXibView;
			};
			name = Release;
		};
/* End XCBuildConfiguration section */

/* Begin XCConfigurationList section */
		6B1C794321AAA60E00E35F86 /* Build configuration list for PBXProject "XibViewWithXibView" */ = {
			isa = XCConfigurationList;
			buildConfigurations = (
				6B1C797221AAA60F00E35F86 /* Debug */,
				6B1C797321AAA60F00E35F86 /* Release */,
			);
			defaultConfigurationIsVisible = 0;
			defaultConfigurationName = Release;
		};
		6B1C797421AAA60F00E35F86 /* Build configuration list for PBXNativeTarget "XibViewWithXibView" */ = {
			isa = XCConfigurationList;
			buildConfigurations = (
				6B1C797521AAA60F00E35F86 /* Debug */,
				6B1C797621AAA60F00E35F86 /* Release */,
			);
			defaultConfigurationIsVisible = 0;
			defaultConfigurationName = Release;
		};
		6B1C797721AAA60F00E35F86 /* Build configuration list for PBXNativeTarget "XibViewWithXibViewTests" */ = {
			isa = XCConfigurationList;
			buildConfigurations = (
				6B1C797821AAA60F00E35F86 /* Debug */,
				6B1C797921AAA60F00E35F86 /* Release */,
			);
			defaultConfigurationIsVisible = 0;
			defaultConfigurationName = Release;
		};
		6B1C797A21AAA60F00E35F86 /* Build configuration list for PBXNativeTarget "XibViewWithXibViewUITests" */ = {
			isa = XCConfigurationList;
			buildConfigurations = (
				6B1C797B21AAA60F00E35F86 /* Debug */,
				6B1C797C21AAA60F00E35F86 /* Release */,
			);
			defaultConfigurationIsVisible = 0;
			defaultConfigurationName = Release;
		};
/* End XCConfigurationList section */
	};
	rootObject = 6B1C794021AAA60E00E35F86 /* Project object */;
}
